
Microsoft Visual Studio Solution File, Format Version 12.00
# Visual Studio Version 16
VisualStudioVersion = 16.0.31105.61
MinimumVisualStudioVersion = 10.0.40219.1
Project("{FAE04EC0-301F-11D3-BF4B-00C04F79EFBC}") = "Adding_Services", "Adding_Services\Adding_Services.csproj", "{EE10D090-881D-4EB4-8652-5BFA90890558}"
EndProject
Global
	GlobalSection(SolutionConfigurationPlatforms) = preSolution
		Debug|Any CPU = Debug|Any CPU
		Release|Any CPU = Release|Any CPU
	EndGlobalSection
	GlobalSection(ProjectConfigurationPlatforms) = postSolution
		{EE10D090-881D-4EB4-8652-5BFA90890558}.Debug|Any CPU.ActiveCfg = Debug|Any CPU
		{EE10D090-881D-4EB4-8652-5BFA90890558}.Debug|Any CPU.Build.0 = Debug|Any CPU
		{EE10D090-881D-4EB4-8652-5BFA90890558}.Release|Any CPU.ActiveCfg = Release|Any CPU
		{EE10D090-881D-4EB4-8652-5BFA90890558}.Release|Any CPU.Build.0 = Release|Any CPU
	EndGlobalSection
	GlobalSection(SolutionProperties) = preSolution
		HideSolutionNode = FALSE
	EndGlobalSection
	GlobalSection(ExtensibilityGlobals) = postSolution
		SolutionGuid = {DF18785F-0CCA-4375-A954-F1E615900835}
	EndGlobalSection
EndGlobal
